// !$*UTF8*$!
{
	archiveVersion = 1;
	classes = {
	};
	objectVersion = 51;
	objects = {

/* Begin PBXBuildFile section */
		340D02C8AF4453221AFA5E80 /* Pods_GeekMobile.framework in Frameworks */ = {isa = PBXBuildFile; fileRef = C42BAF6CD626156C009A9268 /* Pods_GeekMobile.framework */; };
		74058F932617521200853A64 /* RotatePresentAnimator.swift in Sources */ = {isa = PBXBuildFile; fileRef = 74058F922617521200853A64 /* RotatePresentAnimator.swift */; };
		74058F972617521C00853A64 /* RotateDismissAnimator.swift in Sources */ = {isa = PBXBuildFile; fileRef = 74058F962617521C00853A64 /* RotateDismissAnimator.swift */; };
		74058F9A2617553C00853A64 /* RotateInteractiveTransition.swift in Sources */ = {isa = PBXBuildFile; fileRef = 74058F992617553C00853A64 /* RotateInteractiveTransition.swift */; };
		74058F9D2617558900853A64 /* RotateNavigationControllerDelegate.swift in Sources */ = {isa = PBXBuildFile; fileRef = 74058F9C2617558900853A64 /* RotateNavigationControllerDelegate.swift */; };
		74058FA02617561700853A64 /* RotateNavigationController.swift in Sources */ = {isa = PBXBuildFile; fileRef = 74058F9F2617561700853A64 /* RotateNavigationController.swift */; };
		740A997B260CA99A002E8FC0 /* NewsTableViewController.swift in Sources */ = {isa = PBXBuildFile; fileRef = 740A997A260CA99A002E8FC0 /* NewsTableViewController.swift */; };
		740A997E260CA9F7002E8FC0 /* NewsItemModel.swift in Sources */ = {isa = PBXBuildFile; fileRef = 740A997D260CA9F7002E8FC0 /* NewsItemModel.swift */; };
		740A9981260CAFE8002E8FC0 /* NewsItemTableViewCell.swift in Sources */ = {isa = PBXBuildFile; fileRef = 740A9980260CAFE8002E8FC0 /* NewsItemTableViewCell.swift */; };
		740A9986260CCC1A002E8FC0 /* IndicatorView.swift in Sources */ = {isa = PBXBuildFile; fileRef = 740A9985260CCC1A002E8FC0 /* IndicatorView.swift */; };
		741CC96325FD0F3300952E15 /* GeekUser.swift in Sources */ = {isa = PBXBuildFile; fileRef = 741CC96225FD0F3300952E15 /* GeekUser.swift */; };
		7421298125F8F1020057E05C /* UIScrollableViewController.swift in Sources */ = {isa = PBXBuildFile; fileRef = 7421298025F8F1020057E05C /* UIScrollableViewController.swift */; };
		7422CDD22629C15F00B1E1EF /* NetworkManager.swift in Sources */ = {isa = PBXBuildFile; fileRef = 7422CDD12629C15F00B1E1EF /* NetworkManager.swift */; };
		7422CDD52629C1A900B1E1EF /* AuthVKViewController.swift in Sources */ = {isa = PBXBuildFile; fileRef = 7422CDD42629C1A900B1E1EF /* AuthVKViewController.swift */; };
		74288E6E25F9DB9A0058DC2C /* RxExtensions.swift in Sources */ = {isa = PBXBuildFile; fileRef = 74288E6D25F9DB9A0058DC2C /* RxExtensions.swift */; };
		7443E10825F2EC5300445507 /* FriendTableViewCell.swift in Sources */ = {isa = PBXBuildFile; fileRef = 7443E10725F2EC5300445507 /* FriendTableViewCell.swift */; };
		7443E10B25F2ED2C00445507 /* FriendsTableViewController.swift in Sources */ = {isa = PBXBuildFile; fileRef = 7443E10A25F2ED2C00445507 /* FriendsTableViewController.swift */; };
		7443EE2B25F56FF6001713A9 /* UserGroupsViewController.swift in Sources */ = {isa = PBXBuildFile; fileRef = 7443EE2A25F56FF6001713A9 /* UserGroupsViewController.swift */; };
		7443EE2F25F570C6001713A9 /* GroupTableViewCell.swift in Sources */ = {isa = PBXBuildFile; fileRef = 7443EE2E25F570C6001713A9 /* GroupTableViewCell.swift */; };
		7443EE3225F5712C001713A9 /* GroupModel.swift in Sources */ = {isa = PBXBuildFile; fileRef = 7443EE3125F5712C001713A9 /* GroupModel.swift */; };
		7443EE3525F571EB001713A9 /* GroupViewModel.swift in Sources */ = {isa = PBXBuildFile; fileRef = 7443EE3425F571EB001713A9 /* GroupViewModel.swift */; };
		74449B2A25F3FA210071272A /* PhotosViewController.swift in Sources */ = {isa = PBXBuildFile; fileRef = 74449B2925F3FA210071272A /* PhotosViewController.swift */; };
		74485B8625EA7AD600EA87E0 /* AppDelegate.swift in Sources */ = {isa = PBXBuildFile; fileRef = 74485B8525EA7AD600EA87E0 /* AppDelegate.swift */; };
		74485B8825EA7AD600EA87E0 /* SceneDelegate.swift in Sources */ = {isa = PBXBuildFile; fileRef = 74485B8725EA7AD600EA87E0 /* SceneDelegate.swift */; };
		74485B8D25EA7AD600EA87E0 /* Main.storyboard in Resources */ = {isa = PBXBuildFile; fileRef = 74485B8B25EA7AD600EA87E0 /* Main.storyboard */; };
		74485B8F25EA7AD600EA87E0 /* Assets.xcassets in Resources */ = {isa = PBXBuildFile; fileRef = 74485B8E25EA7AD600EA87E0 /* Assets.xcassets */; };
		74485B9225EA7AD600EA87E0 /* LaunchScreen.storyboard in Resources */ = {isa = PBXBuildFile; fileRef = 74485B9025EA7AD600EA87E0 /* LaunchScreen.storyboard */; };
		74485BA025EA7FC800EA87E0 /* LoginModel.swift in Sources */ = {isa = PBXBuildFile; fileRef = 74485B9F25EA7FC800EA87E0 /* LoginModel.swift */; };
		74485BA425EA83D700EA87E0 /* LoginViewModel.swift in Sources */ = {isa = PBXBuildFile; fileRef = 74485BA325EA83D700EA87E0 /* LoginViewModel.swift */; };
		74485BA725EA87DD00EA87E0 /* LoginViewController.swift in Sources */ = {isa = PBXBuildFile; fileRef = 74485BA625EA87DD00EA87E0 /* LoginViewController.swift */; };
		74585E2225FC05B9009D3775 /* MainTabBarViewController.swift in Sources */ = {isa = PBXBuildFile; fileRef = 74585E2125FC05B9009D3775 /* MainTabBarViewController.swift */; };
		74585E2625FC1CAC009D3775 /* ProfileViewController.swift in Sources */ = {isa = PBXBuildFile; fileRef = 74585E2525FC1CAC009D3775 /* ProfileViewController.swift */; };
		746D309725F428C50086F0E3 /* PhotoCollectionViewCell.swift in Sources */ = {isa = PBXBuildFile; fileRef = 746D309625F428C50086F0E3 /* PhotoCollectionViewCell.swift */; };
		74764FDA265152C30040A5E4 /* ThreadSafeAction.swift in Sources */ = {isa = PBXBuildFile; fileRef = 74764FD9265152C30040A5E4 /* ThreadSafeAction.swift */; };
		7478855725FF632500B3A798 /* CurrentUser.swift in Sources */ = {isa = PBXBuildFile; fileRef = 7478855625FF632500B3A798 /* CurrentUser.swift */; };
		747888AD2628973000FCA954 /* UserSession.swift in Sources */ = {isa = PBXBuildFile; fileRef = 747888AC2628973000FCA954 /* UserSession.swift */; };
		7481B5A9262EB15C00960060 /* RequestAPIViewController.swift in Sources */ = {isa = PBXBuildFile; fileRef = 7481B5A8262EB15C00960060 /* RequestAPIViewController.swift */; };
		74B20AFE25F8D9B40065BB9F /* SignUpViewController.swift in Sources */ = {isa = PBXBuildFile; fileRef = 74B20AFD25F8D9B40065BB9F /* SignUpViewController.swift */; };
		74B20B0225F8DC0C0065BB9F /* UIPaddingLabel.swift in Sources */ = {isa = PBXBuildFile; fileRef = 74B20B0125F8DC0C0065BB9F /* UIPaddingLabel.swift */; };
		74BDE4CA25F924E200DEC5E2 /* SignUpViewModel.swift in Sources */ = {isa = PBXBuildFile; fileRef = 74BDE4C925F924E200DEC5E2 /* SignUpViewModel.swift */; };
		74BDE4CD25F9334100DEC5E2 /* UITitleTextErrorView.swift in Sources */ = {isa = PBXBuildFile; fileRef = 74BDE4CC25F9334100DEC5E2 /* UITitleTextErrorView.swift */; };
		74BE126626186D1500A6F4D6 /* CustomSegue.swift in Sources */ = {isa = PBXBuildFile; fileRef = 74BE126526186D1500A6F4D6 /* CustomSegue.swift */; };
		74C5AB66260151CF00840259 /* CustomImageView.swift in Sources */ = {isa = PBXBuildFile; fileRef = 74C5AB65260151CF00840259 /* CustomImageView.swift */; };
		74C83C822635CC5E00C64371 /* ParserJSON.swift in Sources */ = {isa = PBXBuildFile; fileRef = 74C83C812635CC5E00C64371 /* ParserJSON.swift */; };
		74C83C852635D3F700C64371 /* VkAPI.swift in Sources */ = {isa = PBXBuildFile; fileRef = 74C83C842635D3F700C64371 /* VkAPI.swift */; };
		74CCC31A25F58510003F0C0C /* ViewControllerExtensions.swift in Sources */ = {isa = PBXBuildFile; fileRef = 74CCC31925F58510003F0C0C /* ViewControllerExtensions.swift */; };
		74D05E932635EEA90019E23C /* FriendModel.swift in Sources */ = {isa = PBXBuildFile; fileRef = 74D05E922635EEA90019E23C /* FriendModel.swift */; };
		74D05E962635F7F30019E23C /* DisposeBagHolder.swift in Sources */ = {isa = PBXBuildFile; fileRef = 74D05E952635F7F30019E23C /* DisposeBagHolder.swift */; };
		74D05E992635FB290019E23C /* FriendViewModel.swift in Sources */ = {isa = PBXBuildFile; fileRef = 74D05E982635FB290019E23C /* FriendViewModel.swift */; };
		74D1B9DE25F581D800400B67 /* GlobalGroupsViewController.swift in Sources */ = {isa = PBXBuildFile; fileRef = 74D1B9DD25F581D800400B67 /* GlobalGroupsViewController.swift */; };
		74E1FB3826162A8A00C034A8 /* AnimatedPhotosViewController.swift in Sources */ = {isa = PBXBuildFile; fileRef = 74E1FB3726162A8A00C034A8 /* AnimatedPhotosViewController.swift */; };
		74F1B56C25F91B3600F5A2EF /* SignUpModel.swift in Sources */ = {isa = PBXBuildFile; fileRef = 74F1B56B25F91B3600F5A2EF /* SignUpModel.swift */; };
		74F1B57425F91EA200F5A2EF /* StringExtensions.swift in Sources */ = {isa = PBXBuildFile; fileRef = 74F1B57325F91EA200F5A2EF /* StringExtensions.swift */; };
		74F1DB8D25F9062E003AA88C /* GoogleService-Info.plist in Resources */ = {isa = PBXBuildFile; fileRef = 74F1DB8C25F9062E003AA88C /* GoogleService-Info.plist */; };
		74FD78C425FCE0C500C61A5E /* ProfileViewModel.swift in Sources */ = {isa = PBXBuildFile; fileRef = 74FD78C325FCE0C500C61A5E /* ProfileViewModel.swift */; };
		74FD78CA25FCFDBB00C61A5E /* PhotoModel.swift in Sources */ = {isa = PBXBuildFile; fileRef = 74FD78C925FCFDBB00C61A5E /* PhotoModel.swift */; };
		74FD78CD25FCFF6300C61A5E /* FirebaseManager.swift in Sources */ = {isa = PBXBuildFile; fileRef = 74FD78CC25FCFF6300C61A5E /* FirebaseManager.swift */; };
/* End PBXBuildFile section */

/* Begin PBXFileReference section */
		4A6D94B87B94B7F82F3A88A2 /* Pods-GeekMobile.release.xcconfig */ = {isa = PBXFileReference; includeInIndex = 1; lastKnownFileType = text.xcconfig; name = "Pods-GeekMobile.release.xcconfig"; path = "Target Support Files/Pods-GeekMobile/Pods-GeekMobile.release.xcconfig"; sourceTree = "<group>"; };
		74058F922617521200853A64 /* RotatePresentAnimator.swift */ = {isa = PBXFileReference; lastKnownFileType = sourcecode.swift; path = RotatePresentAnimator.swift; sourceTree = "<group>"; };
		74058F962617521C00853A64 /* RotateDismissAnimator.swift */ = {isa = PBXFileReference; lastKnownFileType = sourcecode.swift; path = RotateDismissAnimator.swift; sourceTree = "<group>"; };
		74058F992617553C00853A64 /* RotateInteractiveTransition.swift */ = {isa = PBXFileReference; lastKnownFileType = sourcecode.swift; path = RotateInteractiveTransition.swift; sourceTree = "<group>"; };
		74058F9C2617558900853A64 /* RotateNavigationControllerDelegate.swift */ = {isa = PBXFileReference; lastKnownFileType = sourcecode.swift; path = RotateNavigationControllerDelegate.swift; sourceTree = "<group>"; };
		74058F9F2617561700853A64 /* RotateNavigationController.swift */ = {isa = PBXFileReference; lastKnownFileType = sourcecode.swift; path = RotateNavigationController.swift; sourceTree = "<group>"; };
		740A997A260CA99A002E8FC0 /* NewsTableViewController.swift */ = {isa = PBXFileReference; lastKnownFileType = sourcecode.swift; path = NewsTableViewController.swift; sourceTree = "<group>"; };
		740A997D260CA9F7002E8FC0 /* NewsItemModel.swift */ = {isa = PBXFileReference; lastKnownFileType = sourcecode.swift; path = NewsItemModel.swift; sourceTree = "<group>"; };
		740A9980260CAFE8002E8FC0 /* NewsItemTableViewCell.swift */ = {isa = PBXFileReference; lastKnownFileType = sourcecode.swift; path = NewsItemTableViewCell.swift; sourceTree = "<group>"; };
		740A9985260CCC1A002E8FC0 /* IndicatorView.swift */ = {isa = PBXFileReference; lastKnownFileType = sourcecode.swift; path = IndicatorView.swift; sourceTree = "<group>"; };
		741CC96225FD0F3300952E15 /* GeekUser.swift */ = {isa = PBXFileReference; lastKnownFileType = sourcecode.swift; path = GeekUser.swift; sourceTree = "<group>"; };
		7421298025F8F1020057E05C /* UIScrollableViewController.swift */ = {isa = PBXFileReference; lastKnownFileType = sourcecode.swift; path = UIScrollableViewController.swift; sourceTree = "<group>"; };
		7422CDD12629C15F00B1E1EF /* NetworkManager.swift */ = {isa = PBXFileReference; lastKnownFileType = sourcecode.swift; path = NetworkManager.swift; sourceTree = "<group>"; };
		7422CDD42629C1A900B1E1EF /* AuthVKViewController.swift */ = {isa = PBXFileReference; lastKnownFileType = sourcecode.swift; path = AuthVKViewController.swift; sourceTree = "<group>"; };
		74288E6D25F9DB9A0058DC2C /* RxExtensions.swift */ = {isa = PBXFileReference; lastKnownFileType = sourcecode.swift; path = RxExtensions.swift; sourceTree = "<group>"; };
		7443E10725F2EC5300445507 /* FriendTableViewCell.swift */ = {isa = PBXFileReference; lastKnownFileType = sourcecode.swift; path = FriendTableViewCell.swift; sourceTree = "<group>"; };
		7443E10A25F2ED2C00445507 /* FriendsTableViewController.swift */ = {isa = PBXFileReference; lastKnownFileType = sourcecode.swift; path = FriendsTableViewController.swift; sourceTree = "<group>"; };
		7443EE2A25F56FF6001713A9 /* UserGroupsViewController.swift */ = {isa = PBXFileReference; lastKnownFileType = sourcecode.swift; path = UserGroupsViewController.swift; sourceTree = "<group>"; };
		7443EE2E25F570C6001713A9 /* GroupTableViewCell.swift */ = {isa = PBXFileReference; lastKnownFileType = sourcecode.swift; path = GroupTableViewCell.swift; sourceTree = "<group>"; };
		7443EE3125F5712C001713A9 /* GroupModel.swift */ = {isa = PBXFileReference; lastKnownFileType = sourcecode.swift; path = GroupModel.swift; sourceTree = "<group>"; };
		7443EE3425F571EB001713A9 /* GroupViewModel.swift */ = {isa = PBXFileReference; lastKnownFileType = sourcecode.swift; path = GroupViewModel.swift; sourceTree = "<group>"; };
		74449B2925F3FA210071272A /* PhotosViewController.swift */ = {isa = PBXFileReference; lastKnownFileType = sourcecode.swift; path = PhotosViewController.swift; sourceTree = "<group>"; };
		74485B8225EA7AD600EA87E0 /* GeekMobile.app */ = {isa = PBXFileReference; explicitFileType = wrapper.application; includeInIndex = 0; path = GeekMobile.app; sourceTree = BUILT_PRODUCTS_DIR; };
		74485B8525EA7AD600EA87E0 /* AppDelegate.swift */ = {isa = PBXFileReference; lastKnownFileType = sourcecode.swift; path = AppDelegate.swift; sourceTree = "<group>"; };
		74485B8725EA7AD600EA87E0 /* SceneDelegate.swift */ = {isa = PBXFileReference; lastKnownFileType = sourcecode.swift; path = SceneDelegate.swift; sourceTree = "<group>"; };
		74485B8C25EA7AD600EA87E0 /* Base */ = {isa = PBXFileReference; lastKnownFileType = file.storyboard; name = Base; path = Base.lproj/Main.storyboard; sourceTree = "<group>"; };
		74485B8E25EA7AD600EA87E0 /* Assets.xcassets */ = {isa = PBXFileReference; lastKnownFileType = folder.assetcatalog; path = Assets.xcassets; sourceTree = "<group>"; };
		74485B9125EA7AD600EA87E0 /* Base */ = {isa = PBXFileReference; lastKnownFileType = file.storyboard; name = Base; path = Base.lproj/LaunchScreen.storyboard; sourceTree = "<group>"; };
		74485B9325EA7AD600EA87E0 /* Info.plist */ = {isa = PBXFileReference; lastKnownFileType = text.plist.xml; path = Info.plist; sourceTree = "<group>"; };
		74485B9F25EA7FC800EA87E0 /* LoginModel.swift */ = {isa = PBXFileReference; lastKnownFileType = sourcecode.swift; path = LoginModel.swift; sourceTree = "<group>"; };
		74485BA325EA83D700EA87E0 /* LoginViewModel.swift */ = {isa = PBXFileReference; lastKnownFileType = sourcecode.swift; path = LoginViewModel.swift; sourceTree = "<group>"; };
		74485BA625EA87DD00EA87E0 /* LoginViewController.swift */ = {isa = PBXFileReference; lastKnownFileType = sourcecode.swift; path = LoginViewController.swift; sourceTree = "<group>"; };
		74585E2125FC05B9009D3775 /* MainTabBarViewController.swift */ = {isa = PBXFileReference; lastKnownFileType = sourcecode.swift; path = MainTabBarViewController.swift; sourceTree = "<group>"; };
		74585E2525FC1CAC009D3775 /* ProfileViewController.swift */ = {isa = PBXFileReference; lastKnownFileType = sourcecode.swift; path = ProfileViewController.swift; sourceTree = "<group>"; };
		746D309625F428C50086F0E3 /* PhotoCollectionViewCell.swift */ = {isa = PBXFileReference; lastKnownFileType = sourcecode.swift; path = PhotoCollectionViewCell.swift; sourceTree = "<group>"; };
		74764FD9265152C30040A5E4 /* ThreadSafeAction.swift */ = {isa = PBXFileReference; lastKnownFileType = sourcecode.swift; path = ThreadSafeAction.swift; sourceTree = "<group>"; };
		7478855625FF632500B3A798 /* CurrentUser.swift */ = {isa = PBXFileReference; lastKnownFileType = sourcecode.swift; path = CurrentUser.swift; sourceTree = "<group>"; };
		747888AC2628973000FCA954 /* UserSession.swift */ = {isa = PBXFileReference; lastKnownFileType = sourcecode.swift; path = UserSession.swift; sourceTree = "<group>"; };
		7481B5A8262EB15C00960060 /* RequestAPIViewController.swift */ = {isa = PBXFileReference; lastKnownFileType = sourcecode.swift; path = RequestAPIViewController.swift; sourceTree = "<group>"; };
		74B20AFD25F8D9B40065BB9F /* SignUpViewController.swift */ = {isa = PBXFileReference; lastKnownFileType = sourcecode.swift; path = SignUpViewController.swift; sourceTree = "<group>"; };
		74B20B0125F8DC0C0065BB9F /* UIPaddingLabel.swift */ = {isa = PBXFileReference; lastKnownFileType = sourcecode.swift; path = UIPaddingLabel.swift; sourceTree = "<group>"; };
		74BDE4C925F924E200DEC5E2 /* SignUpViewModel.swift */ = {isa = PBXFileReference; lastKnownFileType = sourcecode.swift; path = SignUpViewModel.swift; sourceTree = "<group>"; };
		74BDE4CC25F9334100DEC5E2 /* UITitleTextErrorView.swift */ = {isa = PBXFileReference; lastKnownFileType = sourcecode.swift; path = UITitleTextErrorView.swift; sourceTree = "<group>"; };
		74BE126526186D1500A6F4D6 /* CustomSegue.swift */ = {isa = PBXFileReference; lastKnownFileType = sourcecode.swift; path = CustomSegue.swift; sourceTree = "<group>"; };
		74C5AB65260151CF00840259 /* CustomImageView.swift */ = {isa = PBXFileReference; lastKnownFileType = sourcecode.swift; path = CustomImageView.swift; sourceTree = "<group>"; };
		74C83C812635CC5E00C64371 /* ParserJSON.swift */ = {isa = PBXFileReference; lastKnownFileType = sourcecode.swift; path = ParserJSON.swift; sourceTree = "<group>"; };
		74C83C842635D3F700C64371 /* VkAPI.swift */ = {isa = PBXFileReference; lastKnownFileType = sourcecode.swift; path = VkAPI.swift; sourceTree = "<group>"; };
		74CCC31925F58510003F0C0C /* ViewControllerExtensions.swift */ = {isa = PBXFileReference; lastKnownFileType = sourcecode.swift; path = ViewControllerExtensions.swift; sourceTree = "<group>"; };
		74D05E922635EEA90019E23C /* FriendModel.swift */ = {isa = PBXFileReference; lastKnownFileType = sourcecode.swift; path = FriendModel.swift; sourceTree = "<group>"; };
		74D05E952635F7F30019E23C /* DisposeBagHolder.swift */ = {isa = PBXFileReference; lastKnownFileType = sourcecode.swift; path = DisposeBagHolder.swift; sourceTree = "<group>"; };
		74D05E982635FB290019E23C /* FriendViewModel.swift */ = {isa = PBXFileReference; lastKnownFileType = sourcecode.swift; path = FriendViewModel.swift; sourceTree = "<group>"; };
		74D1B9DD25F581D800400B67 /* GlobalGroupsViewController.swift */ = {isa = PBXFileReference; lastKnownFileType = sourcecode.swift; path = GlobalGroupsViewController.swift; sourceTree = "<group>"; };
		74E1FB3726162A8A00C034A8 /* AnimatedPhotosViewController.swift */ = {isa = PBXFileReference; lastKnownFileType = sourcecode.swift; path = AnimatedPhotosViewController.swift; sourceTree = "<group>"; };
		74F1B56B25F91B3600F5A2EF /* SignUpModel.swift */ = {isa = PBXFileReference; lastKnownFileType = sourcecode.swift; path = SignUpModel.swift; sourceTree = "<group>"; };
		74F1B57325F91EA200F5A2EF /* StringExtensions.swift */ = {isa = PBXFileReference; lastKnownFileType = sourcecode.swift; path = StringExtensions.swift; sourceTree = "<group>"; };
		74F1DB8C25F9062E003AA88C /* GoogleService-Info.plist */ = {isa = PBXFileReference; fileEncoding = 4; lastKnownFileType = text.plist.xml; path = "GoogleService-Info.plist"; sourceTree = "<group>"; };
		74FD78C325FCE0C500C61A5E /* ProfileViewModel.swift */ = {isa = PBXFileReference; lastKnownFileType = sourcecode.swift; path = ProfileViewModel.swift; sourceTree = "<group>"; };
		74FD78C925FCFDBB00C61A5E /* PhotoModel.swift */ = {isa = PBXFileReference; lastKnownFileType = sourcecode.swift; path = PhotoModel.swift; sourceTree = "<group>"; };
		74FD78CC25FCFF6300C61A5E /* FirebaseManager.swift */ = {isa = PBXFileReference; lastKnownFileType = sourcecode.swift; path = FirebaseManager.swift; sourceTree = "<group>"; };
		B54AE7DC156BAFF03D96542A /* Pods-GeekMobile.debug.xcconfig */ = {isa = PBXFileReference; includeInIndex = 1; lastKnownFileType = text.xcconfig; name = "Pods-GeekMobile.debug.xcconfig"; path = "Target Support Files/Pods-GeekMobile/Pods-GeekMobile.debug.xcconfig"; sourceTree = "<group>"; };
		C42BAF6CD626156C009A9268 /* Pods_GeekMobile.framework */ = {isa = PBXFileReference; explicitFileType = wrapper.framework; includeInIndex = 0; path = Pods_GeekMobile.framework; sourceTree = BUILT_PRODUCTS_DIR; };
/* End PBXFileReference section */

/* Begin PBXFrameworksBuildPhase section */
		74485B7F25EA7AD600EA87E0 /* Frameworks */ = {
			isa = PBXFrameworksBuildPhase;
			buildActionMask = 2147483647;
			files = (
				340D02C8AF4453221AFA5E80 /* Pods_GeekMobile.framework in Frameworks */,
			);
			runOnlyForDeploymentPostprocessing = 0;
		};
/* End PBXFrameworksBuildPhase section */

/* Begin PBXGroup section */
		59DE0F6F4CC14DD0E1680036 /* Pods */ = {
			isa = PBXGroup;
			children = (
				B54AE7DC156BAFF03D96542A /* Pods-GeekMobile.debug.xcconfig */,
				4A6D94B87B94B7F82F3A88A2 /* Pods-GeekMobile.release.xcconfig */,
			);
			path = Pods;
			sourceTree = "<group>";
		};
		74058F8A2617490100853A64 /* Entities */ = {
			isa = PBXGroup;
			children = (
				74FD78C325FCE0C500C61A5E /* ProfileViewModel.swift */,
				7443EE3425F571EB001713A9 /* GroupViewModel.swift */,
				74D05E982635FB290019E23C /* FriendViewModel.swift */,
			);
			path = Entities;
			sourceTree = "<group>";
		};
		74058F8C261749E200853A64 /* Friend */ = {
			isa = PBXGroup;
			children = (
				7443E10725F2EC5300445507 /* FriendTableViewCell.swift */,
				7443E10A25F2ED2C00445507 /* FriendsTableViewController.swift */,
			);
			path = Friend;
			sourceTree = "<group>";
		};
		74058F8D261749EE00853A64 /* Photo */ = {
			isa = PBXGroup;
			children = (
				74E1FB3726162A8A00C034A8 /* AnimatedPhotosViewController.swift */,
				74449B2925F3FA210071272A /* PhotosViewController.swift */,
				746D309625F428C50086F0E3 /* PhotoCollectionViewCell.swift */,
			);
			path = Photo;
			sourceTree = "<group>";
		};
		74058F8E26174E0D00853A64 /* Group */ = {
			isa = PBXGroup;
			children = (
				7443EE2A25F56FF6001713A9 /* UserGroupsViewController.swift */,
				7443EE2E25F570C6001713A9 /* GroupTableViewCell.swift */,
				74D1B9DD25F581D800400B67 /* GlobalGroupsViewController.swift */,
			);
			path = Group;
			sourceTree = "<group>";
		};
		74058F8F26174E3800853A64 /* User */ = {
			isa = PBXGroup;
			children = (
				74585E2525FC1CAC009D3775 /* ProfileViewController.swift */,
			);
			path = User;
			sourceTree = "<group>";
		};
		74058F902617509400853A64 /* Transitions */ = {
			isa = PBXGroup;
			children = (
				74058F91261751FF00853A64 /* Animators */,
				74058F992617553C00853A64 /* RotateInteractiveTransition.swift */,
				74058F9C2617558900853A64 /* RotateNavigationControllerDelegate.swift */,
				74BE126526186D1500A6F4D6 /* CustomSegue.swift */,
			);
			path = Transitions;
			sourceTree = "<group>";
		};
		74058F91261751FF00853A64 /* Animators */ = {
			isa = PBXGroup;
			children = (
				74058F922617521200853A64 /* RotatePresentAnimator.swift */,
				74058F962617521C00853A64 /* RotateDismissAnimator.swift */,
			);
			path = Animators;
			sourceTree = "<group>";
		};
		740A9979260CA986002E8FC0 /* News */ = {
			isa = PBXGroup;
			children = (
				740A997A260CA99A002E8FC0 /* NewsTableViewController.swift */,
				740A9980260CAFE8002E8FC0 /* NewsItemTableViewCell.swift */,
			);
			path = News;
			sourceTree = "<group>";
		};
		74485B7925EA7AD600EA87E0 = {
			isa = PBXGroup;
			children = (
				74485B8425EA7AD600EA87E0 /* GeekMobile */,
				74485B8325EA7AD600EA87E0 /* Products */,
				59DE0F6F4CC14DD0E1680036 /* Pods */,
				967CC50F5E439EF4705EC373 /* Frameworks */,
			);
			sourceTree = "<group>";
		};
		74485B8325EA7AD600EA87E0 /* Products */ = {
			isa = PBXGroup;
			children = (
				74485B8225EA7AD600EA87E0 /* GeekMobile.app */,
			);
			name = Products;
			sourceTree = "<group>";
		};
		74485B8425EA7AD600EA87E0 /* GeekMobile */ = {
			isa = PBXGroup;
			children = (
				74485B9C25EA7F4500EA87E0 /* Views */,
				74485B9A25EA7F3000EA87E0 /* ViewModels */,
				74485B9B25EA7F3F00EA87E0 /* Models */,
				74F1B56E25F91D5000F5A2EF /* Utilities */,
				74CCC31825F584F7003F0C0C /* Extensions */,
				74485B8E25EA7AD600EA87E0 /* Assets.xcassets */,
				74485B9325EA7AD600EA87E0 /* Info.plist */,
				74F1DB8C25F9062E003AA88C /* GoogleService-Info.plist */,
			);
			path = GeekMobile;
			sourceTree = "<group>";
		};
		74485B9A25EA7F3000EA87E0 /* ViewModels */ = {
			isa = PBXGroup;
			children = (
				74058F8A2617490100853A64 /* Entities */,
				74BDE4C825F924C800DEC5E2 /* Authentification */,
			);
			path = ViewModels;
			sourceTree = "<group>";
		};
		74485B9B25EA7F3F00EA87E0 /* Models */ = {
			isa = PBXGroup;
			children = (
				74F1B56A25F91B1A00F5A2EF /* Authentification */,
				7443EE3125F5712C001713A9 /* GroupModel.swift */,
				74FD78C925FCFDBB00C61A5E /* PhotoModel.swift */,
				741CC96225FD0F3300952E15 /* GeekUser.swift */,
				7478855625FF632500B3A798 /* CurrentUser.swift */,
				740A997D260CA9F7002E8FC0 /* NewsItemModel.swift */,
				74D05E922635EEA90019E23C /* FriendModel.swift */,
			);
			path = Models;
			sourceTree = "<group>";
		};
		74485B9C25EA7F4500EA87E0 /* Views */ = {
			isa = PBXGroup;
			children = (
				7481B5A7262EB14200960060 /* API */,
				74BE1261261783BD00A6F4D6 /* Delegates */,
				74BE125E2617838900A6F4D6 /* Storyboards */,
				74058F902617509400853A64 /* Transitions */,
				74058F8F26174E3800853A64 /* User */,
				74058F8E26174E0D00853A64 /* Group */,
				74058F8D261749EE00853A64 /* Photo */,
				74058F8C261749E200853A64 /* Friend */,
				740A9979260CA986002E8FC0 /* News */,
				74585E2425FC1C67009D3775 /* Autentification */,
				74B20B0025F8DB5E0065BB9F /* Common */,
			);
			path = Views;
			sourceTree = "<group>";
		};
		74585E2425FC1C67009D3775 /* Autentification */ = {
			isa = PBXGroup;
			children = (
				74B20AFD25F8D9B40065BB9F /* SignUpViewController.swift */,
				74485BA625EA87DD00EA87E0 /* LoginViewController.swift */,
				7422CDD42629C1A900B1E1EF /* AuthVKViewController.swift */,
			);
			path = Autentification;
			sourceTree = "<group>";
		};
		7481B5A7262EB14200960060 /* API */ = {
			isa = PBXGroup;
			children = (
				7481B5A8262EB15C00960060 /* RequestAPIViewController.swift */,
			);
			path = API;
			sourceTree = "<group>";
		};
		74B20B0025F8DB5E0065BB9F /* Common */ = {
			isa = PBXGroup;
			children = (
				74585E2125FC05B9009D3775 /* MainTabBarViewController.swift */,
				740A9985260CCC1A002E8FC0 /* IndicatorView.swift */,
				74B20B0125F8DC0C0065BB9F /* UIPaddingLabel.swift */,
				7421298025F8F1020057E05C /* UIScrollableViewController.swift */,
				74BDE4CC25F9334100DEC5E2 /* UITitleTextErrorView.swift */,
				74C5AB65260151CF00840259 /* CustomImageView.swift */,
				74058F9F2617561700853A64 /* RotateNavigationController.swift */,
			);
			path = Common;
			sourceTree = "<group>";
		};
		74BDE4C825F924C800DEC5E2 /* Authentification */ = {
			isa = PBXGroup;
			children = (
				74485BA325EA83D700EA87E0 /* LoginViewModel.swift */,
				74BDE4C925F924E200DEC5E2 /* SignUpViewModel.swift */,
			);
			path = Authentification;
			sourceTree = "<group>";
		};
		74BE125E2617838900A6F4D6 /* Storyboards */ = {
			isa = PBXGroup;
			children = (
				74485B9025EA7AD600EA87E0 /* LaunchScreen.storyboard */,
				74485B8B25EA7AD600EA87E0 /* Main.storyboard */,
			);
			path = Storyboards;
			sourceTree = "<group>";
		};
		74BE1261261783BD00A6F4D6 /* Delegates */ = {
			isa = PBXGroup;
			children = (
				74485B8525EA7AD600EA87E0 /* AppDelegate.swift */,
				74485B8725EA7AD600EA87E0 /* SceneDelegate.swift */,
			);
			path = Delegates;
			sourceTree = "<group>";
		};
		74CCC31825F584F7003F0C0C /* Extensions */ = {
			isa = PBXGroup;
			children = (
				74CCC31925F58510003F0C0C /* ViewControllerExtensions.swift */,
				74F1B57325F91EA200F5A2EF /* StringExtensions.swift */,
				74288E6D25F9DB9A0058DC2C /* RxExtensions.swift */,
			);
			path = Extensions;
			sourceTree = "<group>";
		};
		74F1B56A25F91B1A00F5A2EF /* Authentification */ = {
			isa = PBXGroup;
			children = (
				74485B9F25EA7FC800EA87E0 /* LoginModel.swift */,
				74F1B56B25F91B3600F5A2EF /* SignUpModel.swift */,
			);
			path = Authentification;
			sourceTree = "<group>";
		};
		74F1B56E25F91D5000F5A2EF /* Utilities */ = {
			isa = PBXGroup;
			children = (
				74FD78CC25FCFF6300C61A5E /* FirebaseManager.swift */,
				747888AC2628973000FCA954 /* UserSession.swift */,
				7422CDD12629C15F00B1E1EF /* NetworkManager.swift */,
				74C83C812635CC5E00C64371 /* ParserJSON.swift */,
				74C83C842635D3F700C64371 /* VkAPI.swift */,
				74D05E952635F7F30019E23C /* DisposeBagHolder.swift */,
				74764FD9265152C30040A5E4 /* ThreadSafeAction.swift */,
			);
			path = Utilities;
			sourceTree = "<group>";
		};
		967CC50F5E439EF4705EC373 /* Frameworks */ = {
			isa = PBXGroup;
			children = (
				C42BAF6CD626156C009A9268 /* Pods_GeekMobile.framework */,
			);
			name = Frameworks;
			sourceTree = "<group>";
		};
/* End PBXGroup section */

/* Begin PBXNativeTarget section */
		74485B8125EA7AD600EA87E0 /* GeekMobile */ = {
			isa = PBXNativeTarget;
			buildConfigurationList = 74485B9625EA7AD600EA87E0 /* Build configuration list for PBXNativeTarget "GeekMobile" */;
			buildPhases = (
				172993BC2AA46641299885F1 /* [CP] Check Pods Manifest.lock */,
				74485B7E25EA7AD600EA87E0 /* Sources */,
				74485B7F25EA7AD600EA87E0 /* Frameworks */,
				74485B8025EA7AD600EA87E0 /* Resources */,
				822A8A403701327A0D3F87B2 /* [CP] Embed Pods Frameworks */,
			);
			buildRules = (
			);
			dependencies = (
			);
			name = GeekMobile;
			productName = ClientVK;
			productReference = 74485B8225EA7AD600EA87E0 /* GeekMobile.app */;
			productType = "com.apple.product-type.application";
		};
/* End PBXNativeTarget section */

/* Begin PBXProject section */
		74485B7A25EA7AD600EA87E0 /* Project object */ = {
			isa = PBXProject;
			attributes = {
				LastSwiftUpdateCheck = 1240;
				LastUpgradeCheck = 1240;
				TargetAttributes = {
					74485B8125EA7AD600EA87E0 = {
						CreatedOnToolsVersion = 12.4;
					};
				};
			};
			buildConfigurationList = 74485B7D25EA7AD600EA87E0 /* Build configuration list for PBXProject "GeekMobile" */;
			compatibilityVersion = "Xcode 9.3";
			developmentRegion = en;
			hasScannedForEncodings = 0;
			knownRegions = (
				en,
				Base,
			);
			mainGroup = 74485B7925EA7AD600EA87E0;
			productRefGroup = 74485B8325EA7AD600EA87E0 /* Products */;
			projectDirPath = "";
			projectRoot = "";
			targets = (
				74485B8125EA7AD600EA87E0 /* GeekMobile */,
			);
		};
/* End PBXProject section */

/* Begin PBXResourcesBuildPhase section */
		74485B8025EA7AD600EA87E0 /* Resources */ = {
			isa = PBXResourcesBuildPhase;
			buildActionMask = 2147483647;
			files = (
				74485B9225EA7AD600EA87E0 /* LaunchScreen.storyboard in Resources */,
				74F1DB8D25F9062E003AA88C /* GoogleService-Info.plist in Resources */,
				74485B8F25EA7AD600EA87E0 /* Assets.xcassets in Resources */,
				74485B8D25EA7AD600EA87E0 /* Main.storyboard in Resources */,
			);
			runOnlyForDeploymentPostprocessing = 0;
		};
/* End PBXResourcesBuildPhase section */

/* Begin PBXShellScriptBuildPhase section */
		172993BC2AA46641299885F1 /* [CP] Check Pods Manifest.lock */ = {
			isa = PBXShellScriptBuildPhase;
			buildActionMask = 2147483647;
			files = (
			);
			inputFileListPaths = (
			);
			inputPaths = (
				"${PODS_PODFILE_DIR_PATH}/Podfile.lock",
				"${PODS_ROOT}/Manifest.lock",
			);
			name = "[CP] Check Pods Manifest.lock";
			outputFileListPaths = (
			);
			outputPaths = (
				"$(DERIVED_FILE_DIR)/Pods-GeekMobile-checkManifestLockResult.txt",
			);
			runOnlyForDeploymentPostprocessing = 0;
			shellPath = /bin/sh;
			shellScript = "diff \"${PODS_PODFILE_DIR_PATH}/Podfile.lock\" \"${PODS_ROOT}/Manifest.lock\" > /dev/null\nif [ $? != 0 ] ; then\n    # print error to STDERR\n    echo \"error: The sandbox is not in sync with the Podfile.lock. Run 'pod install' or update your CocoaPods installation.\" >&2\n    exit 1\nfi\n# This output is used by Xcode 'outputs' to avoid re-running this script phase.\necho \"SUCCESS\" > \"${SCRIPT_OUTPUT_FILE_0}\"\n";
			showEnvVarsInLog = 0;
		};
		822A8A403701327A0D3F87B2 /* [CP] Embed Pods Frameworks */ = {
			isa = PBXShellScriptBuildPhase;
			buildActionMask = 2147483647;
			files = (
			);
			inputFileListPaths = (
				"${PODS_ROOT}/Target Support Files/Pods-GeekMobile/Pods-GeekMobile-frameworks-${CONFIGURATION}-input-files.xcfilelist",
			);
			name = "[CP] Embed Pods Frameworks";
			outputFileListPaths = (
				"${PODS_ROOT}/Target Support Files/Pods-GeekMobile/Pods-GeekMobile-frameworks-${CONFIGURATION}-output-files.xcfilelist",
			);
			runOnlyForDeploymentPostprocessing = 0;
			shellPath = /bin/sh;
			shellScript = "\"${PODS_ROOT}/Target Support Files/Pods-GeekMobile/Pods-GeekMobile-frameworks.sh\"\n";
			showEnvVarsInLog = 0;
		};
/* End PBXShellScriptBuildPhase section */

/* Begin PBXSourcesBuildPhase section */
		74485B7E25EA7AD600EA87E0 /* Sources */ = {
			isa = PBXSourcesBuildPhase;
			buildActionMask = 2147483647;
			files = (
				7422CDD22629C15F00B1E1EF /* NetworkManager.swift in Sources */,
				74058F932617521200853A64 /* RotatePresentAnimator.swift in Sources */,
				74485BA425EA83D700EA87E0 /* LoginViewModel.swift in Sources */,
				7422CDD52629C1A900B1E1EF /* AuthVKViewController.swift in Sources */,
				7443EE3225F5712C001713A9 /* GroupModel.swift in Sources */,
				7421298125F8F1020057E05C /* UIScrollableViewController.swift in Sources */,
				741CC96325FD0F3300952E15 /* GeekUser.swift in Sources */,
				74058F9A2617553C00853A64 /* RotateInteractiveTransition.swift in Sources */,
				74D05E992635FB290019E23C /* FriendViewModel.swift in Sources */,
				74D05E962635F7F30019E23C /* DisposeBagHolder.swift in Sources */,
				747888AD2628973000FCA954 /* UserSession.swift in Sources */,
				74485B8625EA7AD600EA87E0 /* AppDelegate.swift in Sources */,
				74485BA025EA7FC800EA87E0 /* LoginModel.swift in Sources */,
				74058F9D2617558900853A64 /* RotateNavigationControllerDelegate.swift in Sources */,
				74FD78C425FCE0C500C61A5E /* ProfileViewModel.swift in Sources */,
				74C5AB66260151CF00840259 /* CustomImageView.swift in Sources */,
				74585E2625FC1CAC009D3775 /* ProfileViewController.swift in Sources */,
				74E1FB3826162A8A00C034A8 /* AnimatedPhotosViewController.swift in Sources */,
				74FD78CD25FCFF6300C61A5E /* FirebaseManager.swift in Sources */,
				740A9986260CCC1A002E8FC0 /* IndicatorView.swift in Sources */,
				74F1B57425F91EA200F5A2EF /* StringExtensions.swift in Sources */,
				74585E2225FC05B9009D3775 /* MainTabBarViewController.swift in Sources */,
				740A9981260CAFE8002E8FC0 /* NewsItemTableViewCell.swift in Sources */,
				740A997E260CA9F7002E8FC0 /* NewsItemModel.swift in Sources */,
				74D05E932635EEA90019E23C /* FriendModel.swift in Sources */,
				7478855725FF632500B3A798 /* CurrentUser.swift in Sources */,
				7443E10825F2EC5300445507 /* FriendTableViewCell.swift in Sources */,
				74B20AFE25F8D9B40065BB9F /* SignUpViewController.swift in Sources */,
				74D1B9DE25F581D800400B67 /* GlobalGroupsViewController.swift in Sources */,
				74BE126626186D1500A6F4D6 /* CustomSegue.swift in Sources */,
				7443EE2B25F56FF6001713A9 /* UserGroupsViewController.swift in Sources */,
				74485BA725EA87DD00EA87E0 /* LoginViewController.swift in Sources */,
				74288E6E25F9DB9A0058DC2C /* RxExtensions.swift in Sources */,
				74C83C822635CC5E00C64371 /* ParserJSON.swift in Sources */,
				740A997B260CA99A002E8FC0 /* NewsTableViewController.swift in Sources */,
				74B20B0225F8DC0C0065BB9F /* UIPaddingLabel.swift in Sources */,
				74FD78CA25FCFDBB00C61A5E /* PhotoModel.swift in Sources */,
				74BDE4CA25F924E200DEC5E2 /* SignUpViewModel.swift in Sources */,
				7443E10B25F2ED2C00445507 /* FriendsTableViewController.swift in Sources */,
				74485B8825EA7AD600EA87E0 /* SceneDelegate.swift in Sources */,
				74F1B56C25F91B3600F5A2EF /* SignUpModel.swift in Sources */,
				746D309725F428C50086F0E3 /* PhotoCollectionViewCell.swift in Sources */,
				7443EE2F25F570C6001713A9 /* GroupTableViewCell.swift in Sources */,
				74449B2A25F3FA210071272A /* PhotosViewController.swift in Sources */,
				74058F972617521C00853A64 /* RotateDismissAnimator.swift in Sources */,
				74C83C852635D3F700C64371 /* VkAPI.swift in Sources */,
				74764FDA265152C30040A5E4 /* ThreadSafeAction.swift in Sources */,
				7481B5A9262EB15C00960060 /* RequestAPIViewController.swift in Sources */,
				74058FA02617561700853A64 /* RotateNavigationController.swift in Sources */,
				74CCC31A25F58510003F0C0C /* ViewControllerExtensions.swift in Sources */,
				7443EE3525F571EB001713A9 /* GroupViewModel.swift in Sources */,
				74BDE4CD25F9334100DEC5E2 /* UITitleTextErrorView.swift in Sources */,
			);
			runOnlyForDeploymentPostprocessing = 0;
		};
/* End PBXSourcesBuildPhase section */

/* Begin PBXVariantGroup section */
		74485B8B25EA7AD600EA87E0 /* Main.storyboard */ = {
			isa = PBXVariantGroup;
			children = (
				74485B8C25EA7AD600EA87E0 /* Base */,
			);
			name = Main.storyboard;
			sourceTree = "<group>";
		};
		74485B9025EA7AD600EA87E0 /* LaunchScreen.storyboard */ = {
			isa = PBXVariantGroup;
			children = (
				74485B9125EA7AD600EA87E0 /* Base */,
			);
			name = LaunchScreen.storyboard;
			sourceTree = "<group>";
		};
/* End PBXVariantGroup section */

/* Begin XCBuildConfiguration section */
		74485B9425EA7AD600EA87E0 /* Debug */ = {
			isa = XCBuildConfiguration;
			buildSettings = {
				ALWAYS_SEARCH_USER_PATHS = NO;
				CLANG_ANALYZER_NONNULL = YES;
				CLANG_ANALYZER_NUMBER_OBJECT_CONVERSION = YES_AGGRESSIVE;
				CLANG_CXX_LANGUAGE_STANDARD = "gnu++14";
				CLANG_CXX_LIBRARY = "libc++";
				CLANG_ENABLE_MODULES = YES;
				CLANG_ENABLE_OBJC_ARC = YES;
				CLANG_ENABLE_OBJC_WEAK = YES;
				CLANG_WARN_BLOCK_CAPTURE_AUTORELEASING = YES;
				CLANG_WARN_BOOL_CONVERSION = YES;
				CLANG_WARN_COMMA = YES;
				CLANG_WARN_CONSTANT_CONVERSION = YES;
				CLANG_WARN_DEPRECATED_OBJC_IMPLEMENTATIONS = YES;
				CLANG_WARN_DIRECT_OBJC_ISA_USAGE = YES_ERROR;
				CLANG_WARN_DOCUMENTATION_COMMENTS = YES;
				CLANG_WARN_EMPTY_BODY = YES;
				CLANG_WARN_ENUM_CONVERSION = YES;
				CLANG_WARN_INFINITE_RECURSION = YES;
				CLANG_WARN_INT_CONVERSION = YES;
				CLANG_WARN_NON_LITERAL_NULL_CONVERSION = YES;
				CLANG_WARN_OBJC_IMPLICIT_RETAIN_SELF = YES;
				CLANG_WARN_OBJC_LITERAL_CONVERSION = YES;
				CLANG_WARN_OBJC_ROOT_CLASS = YES_ERROR;
				CLANG_WARN_QUOTED_INCLUDE_IN_FRAMEWORK_HEADER = YES;
				CLANG_WARN_RANGE_LOOP_ANALYSIS = YES;
				CLANG_WARN_STRICT_PROTOTYPES = YES;
				CLANG_WARN_SUSPICIOUS_MOVE = YES;
				CLANG_WARN_UNGUARDED_AVAILABILITY = YES_AGGRESSIVE;
				CLANG_WARN_UNREACHABLE_CODE = YES;
				CLANG_WARN__DUPLICATE_METHOD_MATCH = YES;
				COPY_PHASE_STRIP = NO;
				DEBUG_INFORMATION_FORMAT = dwarf;
				ENABLE_STRICT_OBJC_MSGSEND = YES;
				ENABLE_TESTABILITY = YES;
				GCC_C_LANGUAGE_STANDARD = gnu11;
				GCC_DYNAMIC_NO_PIC = NO;
				GCC_NO_COMMON_BLOCKS = YES;
				GCC_OPTIMIZATION_LEVEL = 0;
				GCC_PREPROCESSOR_DEFINITIONS = (
					"DEBUG=1",
					"$(inherited)",
				);
				GCC_WARN_64_TO_32_BIT_CONVERSION = YES;
				GCC_WARN_ABOUT_RETURN_TYPE = YES_ERROR;
				GCC_WARN_UNDECLARED_SELECTOR = YES;
				GCC_WARN_UNINITIALIZED_AUTOS = YES_AGGRESSIVE;
				GCC_WARN_UNUSED_FUNCTION = YES;
				GCC_WARN_UNUSED_VARIABLE = YES;
				IPHONEOS_DEPLOYMENT_TARGET = 14.4;
				MTL_ENABLE_DEBUG_INFO = INCLUDE_SOURCE;
				MTL_FAST_MATH = YES;
				ONLY_ACTIVE_ARCH = YES;
				SDKROOT = iphoneos;
				SWIFT_ACTIVE_COMPILATION_CONDITIONS = DEBUG;
				SWIFT_OPTIMIZATION_LEVEL = "-Onone";
			};
			name = Debug;
		};
		74485B9525EA7AD600EA87E0 /* Release */ = {
			isa = XCBuildConfiguration;
			buildSettings = {
				ALWAYS_SEARCH_USER_PATHS = NO;
				CLANG_ANALYZER_NONNULL = YES;
				CLANG_ANALYZER_NUMBER_OBJECT_CONVERSION = YES_AGGRESSIVE;
				CLANG_CXX_LANGUAGE_STANDARD = "gnu++14";
				CLANG_CXX_LIBRARY = "libc++";
				CLANG_ENABLE_MODULES = YES;
				CLANG_ENABLE_OBJC_ARC = YES;
				CLANG_ENABLE_OBJC_WEAK = YES;
				CLANG_WARN_BLOCK_CAPTURE_AUTORELEASING = YES;
				CLANG_WARN_BOOL_CONVERSION = YES;
				CLANG_WARN_COMMA = YES;
				CLANG_WARN_CONSTANT_CONVERSION = YES;
				CLANG_WARN_DEPRECATED_OBJC_IMPLEMENTATIONS = YES;
				CLANG_WARN_DIRECT_OBJC_ISA_USAGE = YES_ERROR;
				CLANG_WARN_DOCUMENTATION_COMMENTS = YES;
				CLANG_WARN_EMPTY_BODY = YES;
				CLANG_WARN_ENUM_CONVERSION = YES;
				CLANG_WARN_INFINITE_RECURSION = YES;
				CLANG_WARN_INT_CONVERSION = YES;
				CLANG_WARN_NON_LITERAL_NULL_CONVERSION = YES;
				CLANG_WARN_OBJC_IMPLICIT_RETAIN_SELF = YES;
				CLANG_WARN_OBJC_LITERAL_CONVERSION = YES;
				CLANG_WARN_OBJC_ROOT_CLASS = YES_ERROR;
				CLANG_WARN_QUOTED_INCLUDE_IN_FRAMEWORK_HEADER = YES;
				CLANG_WARN_RANGE_LOOP_ANALYSIS = YES;
				CLANG_WARN_STRICT_PROTOTYPES = YES;
				CLANG_WARN_SUSPICIOUS_MOVE = YES;
				CLANG_WARN_UNGUARDED_AVAILABILITY = YES_AGGRESSIVE;
				CLANG_WARN_UNREACHABLE_CODE = YES;
				CLANG_WARN__DUPLICATE_METHOD_MATCH = YES;
				COPY_PHASE_STRIP = NO;
				DEBUG_INFORMATION_FORMAT = "dwarf-with-dsym";
				ENABLE_NS_ASSERTIONS = NO;
				ENABLE_STRICT_OBJC_MSGSEND = YES;
				GCC_C_LANGUAGE_STANDARD = gnu11;
				GCC_NO_COMMON_BLOCKS = YES;
				GCC_WARN_64_TO_32_BIT_CONVERSION = YES;
				GCC_WARN_ABOUT_RETURN_TYPE = YES_ERROR;
				GCC_WARN_UNDECLARED_SELECTOR = YES;
				GCC_WARN_UNINITIALIZED_AUTOS = YES_AGGRESSIVE;
				GCC_WARN_UNUSED_FUNCTION = YES;
				GCC_WARN_UNUSED_VARIABLE = YES;
				IPHONEOS_DEPLOYMENT_TARGET = 14.4;
				MTL_ENABLE_DEBUG_INFO = NO;
				MTL_FAST_MATH = YES;
				SDKROOT = iphoneos;
				SWIFT_COMPILATION_MODE = wholemodule;
				SWIFT_OPTIMIZATION_LEVEL = "-O";
				VALIDATE_PRODUCT = YES;
			};
			name = Release;
		};
		74485B9725EA7AD600EA87E0 /* Debug */ = {
			isa = XCBuildConfiguration;
			baseConfigurationReference = B54AE7DC156BAFF03D96542A /* Pods-GeekMobile.debug.xcconfig */;
			buildSettings = {
				ASSETCATALOG_COMPILER_APPICON_NAME = AppIcon;
				ASSETCATALOG_COMPILER_GLOBAL_ACCENT_COLOR_NAME = AccentColor;
				CODE_SIGN_STYLE = Automatic;
				DEVELOPMENT_TEAM = 49B53529R9;
				"HEADER_SEARCH_PATHS[arch=*]" = "$(SRCROOT)/Pods/**";
				INFOPLIST_FILE = GeekMobile/Info.plist;
				LD_RUNPATH_SEARCH_PATHS = (
					"$(inherited)",
					"@executable_path/Frameworks",
				);
				PRODUCT_BUNDLE_IDENTIFIER = personal.GeekMobile;
				PRODUCT_NAME = "$(TARGET_NAME)";
				SWIFT_VERSION = 5.0;
				TARGETED_DEVICE_FAMILY = "1,2";
			};
			name = Debug;
		};
		74485B9825EA7AD600EA87E0 /* Release */ = {
			isa = XCBuildConfiguration;
			baseConfigurationReference = 4A6D94B87B94B7F82F3A88A2 /* Pods-GeekMobile.release.xcconfig */;
			buildSettings = {
				ASSETCATALOG_COMPILER_APPICON_NAME = AppIcon;
				ASSETCATALOG_COMPILER_GLOBAL_ACCENT_COLOR_NAME = AccentColor;
				CODE_SIGN_STYLE = Automatic;
				DEVELOPMENT_TEAM = 49B53529R9;
				"HEADER_SEARCH_PATHS[arch=*]" = "$(SRCROOT)/Pods/**";
				INFOPLIST_FILE = GeekMobile/Info.plist;
				LD_RUNPATH_SEARCH_PATHS = (
					"$(inherited)",
					"@executable_path/Frameworks",
				);
				PRODUCT_BUNDLE_IDENTIFIER = personal.GeekMobile;
				PRODUCT_NAME = "$(TARGET_NAME)";
				SWIFT_VERSION = 5.0;
				TARGETED_DEVICE_FAMILY = "1,2";
			};
			name = Release;
		};
/* End XCBuildConfiguration section */

/* Begin XCConfigurationList section */
		74485B7D25EA7AD600EA87E0 /* Build configuration list for PBXProject "GeekMobile" */ = {
			isa = XCConfigurationList;
			buildConfigurations = (
				74485B9425EA7AD600EA87E0 /* Debug */,
				74485B9525EA7AD600EA87E0 /* Release */,
			);
			defaultConfigurationIsVisible = 0;
			defaultConfigurationName = Release;
		};
		74485B9625EA7AD600EA87E0 /* Build configuration list for PBXNativeTarget "GeekMobile" */ = {
			isa = XCConfigurationList;
			buildConfigurations = (
				74485B9725EA7AD600EA87E0 /* Debug */,
				74485B9825EA7AD600EA87E0 /* Release */,
			);
			defaultConfigurationIsVisible = 0;
			defaultConfigurationName = Release;
		};
/* End XCConfigurationList section */
	};
	rootObject = 74485B7A25EA7AD600EA87E0 /* Project object */;
}
